
Microsoft Visual Studio Solution File, Format Version 12.00
# Visual Studio Version 17
VisualStudioVersion = 17.9.34714.143
MinimumVisualStudioVersion = 10.0.40219.1
Project("{FAE04EC0-301F-11D3-BF4B-00C04F79EFBC}") = "API", "Skinet\API.csproj", "{8C911BCF-1B49-4E3A-B5BB-9CC518A2B5E7}"
EndProject
Project("{FAE04EC0-301F-11D3-BF4B-00C04F79EFBC}") = "Core", "Core\Core.csproj", "{A071F60D-7D10-41FB-B046-600060FAFB4B}"
EndProject
Project("{FAE04EC0-301F-11D3-BF4B-00C04F79EFBC}") = "Infrastructure", "Infrastructure\Infrastructure.csproj", "{F2107DC6-40BE-4644-A0B2-CBD3BDAB063F}"
EndProject
Global
	GlobalSection(SolutionConfigurationPlatforms) = preSolution
		Debug|Any CPU = Debug|Any CPU
		Release|Any CPU = Release|Any CPU
	EndGlobalSection
	GlobalSection(ProjectConfigurationPlatforms) = postSolution
		{8C911BCF-1B49-4E3A-B5BB-9CC518A2B5E7}.Debug|Any CPU.ActiveCfg = Debug|Any CPU
		{8C911BCF-1B49-4E3A-B5BB-9CC518A2B5E7}.Debug|Any CPU.Build.0 = Debug|Any CPU
		{8C911BCF-1B49-4E3A-B5BB-9CC518A2B5E7}.Release|Any CPU.ActiveCfg = Release|Any CPU
		{8C911BCF-1B49-4E3A-B5BB-9CC518A2B5E7}.Release|Any CPU.Build.0 = Release|Any CPU
		{A071F60D-7D10-41FB-B046-600060FAFB4B}.Debug|Any CPU.ActiveCfg = Debug|Any CPU
		{A071F60D-7D10-41FB-B046-600060FAFB4B}.Debug|Any CPU.Build.0 = Debug|Any CPU
		{A071F60D-7D10-41FB-B046-600060FAFB4B}.Release|Any CPU.ActiveCfg = Release|Any CPU
		{A071F60D-7D10-41FB-B046-600060FAFB4B}.Release|Any CPU.Build.0 = Release|Any CPU
		{F2107DC6-40BE-4644-A0B2-CBD3BDAB063F}.Debug|Any CPU.ActiveCfg = Debug|Any CPU
		{F2107DC6-40BE-4644-A0B2-CBD3BDAB063F}.Debug|Any CPU.Build.0 = Debug|Any CPU
		{F2107DC6-40BE-4644-A0B2-CBD3BDAB063F}.Release|Any CPU.ActiveCfg = Release|Any CPU
		{F2107DC6-40BE-4644-A0B2-CBD3BDAB063F}.Release|Any CPU.Build.0 = Release|Any CPU
	EndGlobalSection
	GlobalSection(SolutionProperties) = preSolution
		HideSolutionNode = FALSE
	EndGlobalSection
	GlobalSection(ExtensibilityGlobals) = postSolution
		SolutionGuid = {96F857AA-AD10-40E4-B1FF-D970DD7CA5ED}
	EndGlobalSection
EndGlobal
